
Microsoft Visual Studio Solution File, Format Version 12.00
# Visual Studio 2013
VisualStudioVersion = 12.0.21005.1
MinimumVisualStudioVersion = 10.0.40219.1
Project("{FAE04EC0-301F-11D3-BF4B-00C04F79EFBC}") = "SAF_OpticalFailureDetector", "SAF_OpticalFailureDetector.csproj", "{29C6F016-4F2E-428D-8321-4B14E5C12D31}"
EndProject
Project("{54435603-DBB4-11D2-8724-00A0C9A8B90C}") = "SAF_OpticalFailureDetectorInstaller", "..\SAF_OpticalFailureDetectorInstaller\SAF_OpticalFailureDetectorInstaller.vdproj", "{57C11DF8-AB90-4E89-8AF9-281907E91BDB}"
EndProject
Global
	GlobalSection(SolutionConfigurationPlatforms) = preSolution
		Debug|Any CPU = Debug|Any CPU
		Release|Any CPU = Release|Any CPU
	EndGlobalSection
	GlobalSection(ProjectConfigurationPlatforms) = postSolution
		{29C6F016-4F2E-428D-8321-4B14E5C12D31}.Debug|Any CPU.ActiveCfg = Debug|Any CPU
		{29C6F016-4F2E-428D-8321-4B14E5C12D31}.Debug|Any CPU.Build.0 = Debug|Any CPU
		{29C6F016-4F2E-428D-8321-4B14E5C12D31}.Release|Any CPU.ActiveCfg = Release|Any CPU
		{29C6F016-4F2E-428D-8321-4B14E5C12D31}.Release|Any CPU.Build.0 = Release|Any CPU
		{57C11DF8-AB90-4E89-8AF9-281907E91BDB}.Debug|Any CPU.ActiveCfg = Release
		{57C11DF8-AB90-4E89-8AF9-281907E91BDB}.Debug|Any CPU.Build.0 = Release
		{57C11DF8-AB90-4E89-8AF9-281907E91BDB}.Release|Any CPU.ActiveCfg = Release
	EndGlobalSection
	GlobalSection(SolutionProperties) = preSolution
		HideSolutionNode = FALSE
	EndGlobalSection
EndGlobal
